
Microsoft Visual Studio Solution File, Format Version 12.00
# Visual Studio Version 16
VisualStudioVersion = 16.0.30309.148
MinimumVisualStudioVersion = 10.0.40219.1
Project("{FAE04EC0-301F-11D3-BF4B-00C04F79EFBC}") = "AskFresh", "AskFresh.csproj", "{272F7946-C4F9-43D4-AE50-A9F43936F9CE}"
EndProject
Global
	GlobalSection(SolutionConfigurationPlatforms) = preSolution
		Debug|Any CPU = Debug|Any CPU
		Release|Any CPU = Release|Any CPU
	EndGlobalSection
	GlobalSection(ProjectConfigurationPlatforms) = postSolution
		{272F7946-C4F9-43D4-AE50-A9F43936F9CE}.Debug|Any CPU.ActiveCfg = Debug|Any CPU
		{272F7946-C4F9-43D4-AE50-A9F43936F9CE}.Debug|Any CPU.Build.0 = Debug|Any CPU
		{272F7946-C4F9-43D4-AE50-A9F43936F9CE}.Release|Any CPU.ActiveCfg = Release|Any CPU
		{272F7946-C4F9-43D4-AE50-A9F43936F9CE}.Release|Any CPU.Build.0 = Release|Any CPU
	EndGlobalSection
	GlobalSection(SolutionProperties) = preSolution
		HideSolutionNode = FALSE
	EndGlobalSection
	GlobalSection(ExtensibilityGlobals) = postSolution
		SolutionGuid = {2ECC4265-E47F-4FEE-BD70-3C606F1238A3}
	EndGlobalSection
EndGlobal
